
Microsoft Visual Studio Solution File, Format Version 12.00
# Visual Studio Version 16
VisualStudioVersion = 16.0.32228.343
MinimumVisualStudioVersion = 10.0.40219.1
Project("{9A19103F-16F7-4668-BE54-9A1E7A4F7556}") = "Rfe.DiffSvc.WebApi", "Rfe.DiffSvc.WebApi\Rfe.DiffSvc.WebApi.csproj", "{75764B61-5729-40D9-B05E-71A299349BF1}"
EndProject
Project("{FAE04EC0-301F-11D3-BF4B-00C04F79EFBC}") = "Rfe.DiffSvc.LogicTest", "Rfe.DiffSvc.LogicTest\Rfe.DiffSvc.LogicTest.csproj", "{4F894AA8-3B3A-48F3-A947-65F682B6A314}"
EndProject
Global
	GlobalSection(SolutionConfigurationPlatforms) = preSolution
		Debug|Any CPU = Debug|Any CPU
		Release|Any CPU = Release|Any CPU
	EndGlobalSection
	GlobalSection(ProjectConfigurationPlatforms) = postSolution
		{75764B61-5729-40D9-B05E-71A299349BF1}.Debug|Any CPU.ActiveCfg = Debug|Any CPU
		{75764B61-5729-40D9-B05E-71A299349BF1}.Debug|Any CPU.Build.0 = Debug|Any CPU
		{75764B61-5729-40D9-B05E-71A299349BF1}.Release|Any CPU.ActiveCfg = Release|Any CPU
		{75764B61-5729-40D9-B05E-71A299349BF1}.Release|Any CPU.Build.0 = Release|Any CPU
		{4F894AA8-3B3A-48F3-A947-65F682B6A314}.Debug|Any CPU.ActiveCfg = Debug|Any CPU
		{4F894AA8-3B3A-48F3-A947-65F682B6A314}.Debug|Any CPU.Build.0 = Debug|Any CPU
		{4F894AA8-3B3A-48F3-A947-65F682B6A314}.Release|Any CPU.ActiveCfg = Release|Any CPU
		{4F894AA8-3B3A-48F3-A947-65F682B6A314}.Release|Any CPU.Build.0 = Release|Any CPU
	EndGlobalSection
	GlobalSection(SolutionProperties) = preSolution
		HideSolutionNode = FALSE
	EndGlobalSection
	GlobalSection(ExtensibilityGlobals) = postSolution
		SolutionGuid = {59F9282F-4E23-474E-AEA0-38E6490E62B5}
	EndGlobalSection
EndGlobal
