
Microsoft Visual Studio Solution File, Format Version 12.00
# Visual Studio Version 17
VisualStudioVersion = 17.3.32929.385
MinimumVisualStudioVersion = 10.0.40219.1
Project("{FAE04EC0-301F-11D3-BF4B-00C04F79EFBC}") = "Rfe.DiffSvc.ApiTest", "Rfe.DiffSvc.ApiTest\Rfe.DiffSvc.ApiTest.csproj", "{E8BC33E6-C702-4CB0-8F55-E92C4BD33C22}"
EndProject
Global
	GlobalSection(SolutionConfigurationPlatforms) = preSolution
		Debug|Any CPU = Debug|Any CPU
		Release|Any CPU = Release|Any CPU
	EndGlobalSection
	GlobalSection(ProjectConfigurationPlatforms) = postSolution
		{E8BC33E6-C702-4CB0-8F55-E92C4BD33C22}.Debug|Any CPU.ActiveCfg = Debug|Any CPU
		{E8BC33E6-C702-4CB0-8F55-E92C4BD33C22}.Debug|Any CPU.Build.0 = Debug|Any CPU
		{E8BC33E6-C702-4CB0-8F55-E92C4BD33C22}.Release|Any CPU.ActiveCfg = Release|Any CPU
		{E8BC33E6-C702-4CB0-8F55-E92C4BD33C22}.Release|Any CPU.Build.0 = Release|Any CPU
	EndGlobalSection
	GlobalSection(SolutionProperties) = preSolution
		HideSolutionNode = FALSE
	EndGlobalSection
	GlobalSection(ExtensibilityGlobals) = postSolution
		SolutionGuid = {891F63A9-41F9-4D4A-9BE1-F38BE7EE4DEB}
	EndGlobalSection
EndGlobal
